
Microsoft Visual Studio Solution File, Format Version 12.00
# Visual Studio Version 16
VisualStudioVersion = 16.0.31321.278
MinimumVisualStudioVersion = 10.0.40219.1
Project("{FAE04EC0-301F-11D3-BF4B-00C04F79EFBC}") = "ImplementacaoCamelAPI", "ImplementacaoCamelAPI\ImplementacaoCamelAPI.csproj", "{D9991A52-82E4-43D9-8C0B-A3B85C443AAF}"
EndProject
Global
	GlobalSection(SolutionConfigurationPlatforms) = preSolution
		Debug|Any CPU = Debug|Any CPU
		Release|Any CPU = Release|Any CPU
	EndGlobalSection
	GlobalSection(ProjectConfigurationPlatforms) = postSolution
		{D9991A52-82E4-43D9-8C0B-A3B85C443AAF}.Debug|Any CPU.ActiveCfg = Debug|Any CPU
		{D9991A52-82E4-43D9-8C0B-A3B85C443AAF}.Debug|Any CPU.Build.0 = Debug|Any CPU
		{D9991A52-82E4-43D9-8C0B-A3B85C443AAF}.Release|Any CPU.ActiveCfg = Release|Any CPU
		{D9991A52-82E4-43D9-8C0B-A3B85C443AAF}.Release|Any CPU.Build.0 = Release|Any CPU
	EndGlobalSection
	GlobalSection(SolutionProperties) = preSolution
		HideSolutionNode = FALSE
	EndGlobalSection
	GlobalSection(ExtensibilityGlobals) = postSolution
		SolutionGuid = {F010D254-C500-4534-A581-158E20F13090}
	EndGlobalSection
EndGlobal
